
Microsoft Visual Studio Solution File, Format Version 12.00
# Visual Studio Version 16
VisualStudioVersion = 16.0.29709.97
MinimumVisualStudioVersion = 10.0.40219.1
Project("{FAE04EC0-301F-11D3-BF4B-00C04F79EFBC}") = "PrimerParcialWilbert-Ap2", "PrimerParcialWilbert-Ap2\PrimerParcialWilbert-Ap2.csproj", "{E6F1D713-75B2-444D-8C74-DF82C935C04F}"
EndProject
Global
	GlobalSection(SolutionConfigurationPlatforms) = preSolution
		Debug|Any CPU = Debug|Any CPU
		Release|Any CPU = Release|Any CPU
	EndGlobalSection
	GlobalSection(ProjectConfigurationPlatforms) = postSolution
		{E6F1D713-75B2-444D-8C74-DF82C935C04F}.Debug|Any CPU.ActiveCfg = Debug|Any CPU
		{E6F1D713-75B2-444D-8C74-DF82C935C04F}.Debug|Any CPU.Build.0 = Debug|Any CPU
		{E6F1D713-75B2-444D-8C74-DF82C935C04F}.Release|Any CPU.ActiveCfg = Release|Any CPU
		{E6F1D713-75B2-444D-8C74-DF82C935C04F}.Release|Any CPU.Build.0 = Release|Any CPU
	EndGlobalSection
	GlobalSection(SolutionProperties) = preSolution
		HideSolutionNode = FALSE
	EndGlobalSection
	GlobalSection(ExtensibilityGlobals) = postSolution
		SolutionGuid = {4EC9942C-76B7-41AF-95D9-AC716D7CBB33}
	EndGlobalSection
EndGlobal
